
Microsoft Visual Studio Solution File, Format Version 12.00
# Visual Studio Version 17
VisualStudioVersion = 17.2.32616.157
MinimumVisualStudioVersion = 10.0.40219.1
Project("{FAE04EC0-301F-11D3-BF4B-00C04F79EFBC}") = "WebMusicShop", "WebMusicShop\WebMusicShop.csproj", "{B9E1BE62-66A0-4854-A2CF-EA8CDEFA97EC}"
EndProject
Global
	GlobalSection(SolutionConfigurationPlatforms) = preSolution
		Debug|Any CPU = Debug|Any CPU
		Release|Any CPU = Release|Any CPU
	EndGlobalSection
	GlobalSection(ProjectConfigurationPlatforms) = postSolution
		{B9E1BE62-66A0-4854-A2CF-EA8CDEFA97EC}.Debug|Any CPU.ActiveCfg = Debug|Any CPU
		{B9E1BE62-66A0-4854-A2CF-EA8CDEFA97EC}.Debug|Any CPU.Build.0 = Debug|Any CPU
		{B9E1BE62-66A0-4854-A2CF-EA8CDEFA97EC}.Release|Any CPU.ActiveCfg = Release|Any CPU
		{B9E1BE62-66A0-4854-A2CF-EA8CDEFA97EC}.Release|Any CPU.Build.0 = Release|Any CPU
	EndGlobalSection
	GlobalSection(SolutionProperties) = preSolution
		HideSolutionNode = FALSE
	EndGlobalSection
	GlobalSection(ExtensibilityGlobals) = postSolution
		SolutionGuid = {C513E9DD-A8C4-42A8-B137-C3AC6FD0B68A}
	EndGlobalSection
EndGlobal
